{
  "name": "e2e-bot",
  "version": "1.0.0",
  "lockfileVersion": 3,
  "requires": true,
  "packages": {
    "": {
      "name": "e2e-bot",
      "version": "1.0.0",
      "dependencies": {
        "mineflayer": "^4.24.0"
      }
    },
    "node_modules/@azure/msal-common": {
      "version": "14.16.1",
      "resolved": "https://registry.npmjs.org/@azure/msal-common/-/msal-common-14.16.1.tgz",
      "integrity": "sha512-nyxsA6NA4SVKh5YyRpbSXiMr7oQbwark7JU9LMeg6tJYTSPyAGkdx61wPT4gyxZfxlSxMMEyAsWaubBlNyIa1w==",
      "license": "MIT",
      "engines": {
        "node": ">=0.8.0"
      }
    },
    "node_modules/@azure/msal-node": {
      "version": "2.16.3",
      "resolved": "https://registry.npmjs.org/@azure/msal-node/-/msal-node-2.16.3.tgz",
      "integrity": "sha512-CO+SE4weOsfJf+C5LM8argzvotrXw252/ZU6SM2Tz63fEblhH1uuVaaO4ISYFuN4Q6BhTo7I3qIdi8ydUQCqhw==",
      "license": "MIT",
      "dependencies": {
        "@azure/msal-common": "14.16.1",
        "jsonwebtoken": "^9.0.0",
        "uuid": "^8.3.0"
      },
      "engines": {
        "node": ">=16"
      }
    },
    "node_modules/@types/node": {
      "version": "26.2.0",
      "resolved": "https://registry.npmmirror.com/@types/node/-/node-26.2.0.tgz",
      "integrity": "sha512-5IviulTZeRNp2vAJ514cc/HUlY5nZ9fCbq9DMyC52BrhFZACo3nI0R7qBxhQmo/d27NFe96ur/b7Wwxklda+kg==",
      "license": "MIT",
      "dependencies": {
        "undici-types": "~8.3.0"
      }
    },
    "node_modules/@types/node-rsa": {
      "version": "1.1.4",
      "resolved": "https://registry.npmmirror.com/@types/node-rsa/-/node-rsa-1.1.4.tgz",
      "integrity": "sha512-dB0ECel6JpMnq5ULvpUTunx3yNm8e/dIkv8Zu9p2c8me70xIRUUG3q+qXRwcSf9rN3oqamv4116iHy90dJGRpA==",
      "license": "MIT",
      "dependencies": {
        "@types/node": "*"
      }
    },
    "node_modules/@types/readable-stream": {
      "version": "4.0.24",
      "resolved": "https://registry.npmmirror.com/@types/readable-stream/-/readable-stream-4.0.24.tgz",
      "integrity": "sha512-NRvUNC/JFGPJvqdAfEve8oginbM6V08u5NzLWpG8MwA2kTPOLnqk+wpwuPT+mp3aUsxyuT6m2gnrPuHYCruzEg==",
      "license": "MIT",
      "dependencies": {
        "@types/node": "*"
      }
    },
    "node_modules/@xboxreplay/xboxlive-auth": {
      "version": "5.1.0",
      "resolved": "https://registry.npmjs.org/@xboxreplay/xboxlive-auth/-/xboxlive-auth-5.1.0.tgz",
      "integrity": "sha512-UngHHsehZbiTjyyNmo8HvdoUDKMID1U9uVfrpFWUK/2UxPuVTKy5n+CzZQ3S488sW5vOhgh0lHqqynT8ouwgvw==",
      "license": "Apache-2.0",
      "engines": {
        "node": ">=16.0.0"
      }
    },
    "node_modules/abort-controller": {
      "version": "3.0.0",
      "resolved": "https://registry.npmmirror.com/abort-controller/-/abort-controller-3.0.0.tgz",
      "integrity": "sha512-h8lQ8tacZYnR3vNQTgibj+tODHI5/+l06Au2Pcriv/Gmet0eaj4TwWH41sO9wnHDiQsEj19q0drzdWdeAHtweg==",
      "license": "MIT",
      "dependencies": {
        "event-target-shim": "^5.0.0"
      },
      "engines": {
        "node": ">=6.5"
      }
    },
    "node_modules/aes-js": {
      "version": "3.1.2",
      "resolved": "https://registry.npmmirror.com/aes-js/-/aes-js-3.1.2.tgz",
      "integrity": "sha512-e5pEa2kBnBOgR4Y/p20pskXI74UEz7de8ZGVo58asOtvSVG5YAbJeELPZxOmt+Bnz3rX753YKhfIn4X4l1PPRQ==",
      "license": "MIT"
    },
    "node_modules/ajv": {
      "version": "6.15.0",
      "resolved": "https://registry.npmmirror.com/ajv/-/ajv-6.15.0.tgz",
      "integrity": "sha512-fgFx7Hfoq60ytK2c7DhnF8jIvzYgOMxfugjLOSMHjLIPgenqa7S7oaagATUq99mV6IYvN2tRmC0wnTYX6iPbMw==",
      "license": "MIT",
      "dependencies": {
        "fast-deep-equal": "^3.1.1",
        "fast-json-stable-stringify": "^2.0.0",
        "json-schema-traverse": "^0.4.1",
        "uri-js": "^4.2.2"
      },
      "funding": {
        "type": "github",
        "url": "https://github.com/sponsors/epoberezkin"
      }
    },
    "node_modules/asn1": {
      "version": "0.2.3",
      "resolved": "https://registry.npmmirror.com/asn1/-/asn1-0.2.3.tgz",
      "integrity": "sha512-6i37w/+EhlWlGUJff3T/Q8u1RGmP5wgbiwYnOnbOqvtrPxT63/sYFyP9RcpxtxGymtfA075IvmOnL7ycNOWl3w==",
      "license": "MIT"
    },
    "node_modules/base64-js": {
      "version": "1.5.1",
      "resolved": "https://registry.npmmirror.com/base64-js/-/base64-js-1.5.1.tgz",
      "integrity": "sha512-AKpaYlHn8t4SVbOHCy+b5+KKgvR4vrsD8vbvrbiQJps7fKDTkjkDry6ji0rUJjC0kzbNePLwzxq8iypo41qeWA==",
      "funding": [
        {
          "type": "github",
          "url": "https://github.com/sponsors/feross"
        },
        {
          "type": "patreon",
          "url": "https://www.patreon.com/feross"
        },
        {
          "type": "consulting",
          "url": "https://feross.org/support"
        }
      ],
      "license": "MIT"
    },
    "node_modules/buffer": {
      "version": "6.0.3",
      "resolved": "https://registry.npmmirror.com/buffer/-/buffer-6.0.3.tgz",
      "integrity": "sha512-FTiCpNxtwiZZHEZbcbTIcZjERVICn9yq/pDFkTl95/AxzD1naBctN7YO68riM/gLSDY7sdrMby8hofADYuuqOA==",
      "funding": [
        {
          "type": "github",
          "url": "https://github.com/sponsors/feross"
        },
        {
          "type": "patreon",
          "url": "https://www.patreon.com/feross"
        },
        {
          "type": "consulting",
          "url": "https://feross.org/support"
        }
      ],
      "license": "MIT",
      "dependencies": {
        "base64-js": "^1.3.1",
        "ieee754": "^1.2.1"
      }
    },
    "node_modules/buffer-equal": {
      "version": "1.0.1",
      "resolved": "https://registry.npmmirror.com/buffer-equal/-/buffer-equal-1.0.1.tgz",
      "integrity": "sha512-QoV3ptgEaQpvVwbXdSO39iqPQTCxSF7A5U99AxbHYqUdCizL/lH2Z0A2y6nbZucxMEOtNyZfG2s6gsVugGpKkg==",
      "license": "MIT",
      "engines": {
        "node": ">=0.4"
      },
      "funding": {
        "url": "https://github.com/sponsors/ljharb"
      }
    },
    "node_modules/buffer-equal-constant-time": {
      "version": "1.0.1",
      "resolved": "https://registry.npmjs.org/buffer-equal-constant-time/-/buffer-equal-constant-time-1.0.1.tgz",
      "integrity": "sha512-zRpUiDwd/xk6ADqPMATG8vc9VPrkck7T07OIx0gnjmJAnHnTVXNQG3vfvWNuiZIkwu9KrKdA1iJKfsfTVxE6NA==",
      "license": "BSD-3-Clause"
    },
    "node_modules/commander": {
      "version": "2.20.3",
      "resolved": "https://registry.npmmirror.com/commander/-/commander-2.20.3.tgz",
      "integrity": "sha512-GpVkmM8vF2vQUkj2LvZmD35JxeJOLCwJ9cUkugyk2nuhbv3+mJvpLYYt+0+USMxE+oj+ey/lJEnhZw75x/OMcQ==",
      "license": "MIT"
    },
    "node_modules/debug": {
      "version": "4.4.3",
      "resolved": "https://registry.npmmirror.com/debug/-/debug-4.4.3.tgz",
      "integrity": "sha512-RGwwWnwQvkVfavKVt22FGLw+xYSdzARwm0ru6DhTVA3umU5hZc28V3kO4stgYryrTlLpuvgI9GiijltAjNbcqA==",
      "license": "MIT",
      "dependencies": {
        "ms": "^2.1.3"
      },
      "engines": {
        "node": ">=6.0"
      },
      "peerDependenciesMeta": {
        "supports-color": {
          "optional": true
        }
      }
    },
    "node_modules/discontinuous-range": {
      "version": "1.0.0",
      "resolved": "https://registry.npmmirror.com/discontinuous-range/-/discontinuous-range-1.0.0.tgz",
      "integrity": "sha512-c68LpLbO+7kP/b1Hr1qs8/BJ09F5khZGTxqxZuhzxpmwJKOgRFHJWIb9/KmqnqHhLdO55aOxFH/EGBvUQbL/RQ==",
      "license": "MIT"
    },
    "node_modules/ecdsa-sig-formatter": {
      "version": "1.0.11",
      "resolved": "https://registry.npmjs.org/ecdsa-sig-formatter/-/ecdsa-sig-formatter-1.0.11.tgz",
      "integrity": "sha512-nagl3RYrbNv6kQkeJIpt6NJZy8twLB/2vtz6yN9Z4vRKHN4/QZJIEbqohALSgwKdnksuY3k5Addp5lg8sVoVcQ==",
      "license": "Apache-2.0",
      "dependencies": {
        "safe-buffer": "^5.0.1"
      }
    },
    "node_modules/endian-toggle": {
      "version": "0.0.0",
      "resolved": "https://registry.npmmirror.com/endian-toggle/-/endian-toggle-0.0.0.tgz",
      "integrity": "sha512-ShfqhXeHRE4TmggSlHXG8CMGIcsOsqDw/GcoPcosToE59Rm9e4aXaMhEQf2kPBsBRrKem1bbOAv5gOKnkliMFQ==",
      "license": "MIT"
    },
    "node_modules/event-target-shim": {
      "version": "5.0.1",
      "resolved": "https://registry.npmmirror.com/event-target-shim/-/event-target-shim-5.0.1.tgz",
      "integrity": "sha512-i/2XbnSz/uxRCU6+NdVJgKWDTM427+MqYbkQzD321DuCQJUqOuJKIA0IM2+W2xtYHdKOmZ4dR6fExsd4SXL+WQ==",
      "license": "MIT",
      "engines": {
        "node": ">=6"
      }
    },
    "node_modules/events": {
      "version": "3.3.0",
      "resolved": "https://registry.npmmirror.com/events/-/events-3.3.0.tgz",
      "integrity": "sha512-mQw+2fkQbALzQ7V0MY0IqdnXNOeTtP4r0lN9z7AAawCXgqea7bDii20AYrIBrFd/Hx0M2Ocz6S111CaFkUcb0Q==",
      "license": "MIT",
      "engines": {
        "node": ">=0.8.x"
      }
    },
    "node_modules/fast-deep-equal": {
      "version": "3.1.3",
      "resolved": "https://registry.npmmirror.com/fast-deep-equal/-/fast-deep-equal-3.1.3.tgz",
      "integrity": "sha512-f3qQ9oQy9j2AhBe/H9VC91wLmKBCCU/gDOnKNAYG5hswO7BLKj09Hc5HYNz9cGI++xlpDCIgDaitVs03ATR84Q==",
      "license": "MIT"
    },
    "node_modules/fast-json-stable-stringify": {
      "version": "2.1.0",
      "resolved": "https://registry.npmmirror.com/fast-json-stable-stringify/-/fast-json-stable-stringify-2.1.0.tgz",
      "integrity": "sha512-lhd/wF+Lk98HZoTCtlVraHtfh5XYijIjalXck7saUtuanSDyLMxnHhSXEDJqHxD7msR8D0uCmqlkwjCV8xvwHw==",
      "license": "MIT"
    },
    "node_modules/ieee754": {
      "version": "1.2.1",
      "resolved": "https://registry.npmmirror.com/ieee754/-/ieee754-1.2.1.tgz",
      "integrity": "sha512-dcyqhDvX1C46lXZcVqCpK+FtMRQVdIMN6/Df5js2zouUsqG7I6sFxitIC+7KYK29KdXOLHdu9zL4sFnoVQnqaA==",
      "funding": [
        {
          "type": "github",
          "url": "https://github.com/sponsors/feross"
        },
        {
          "type": "patreon",
          "url": "https://www.patreon.com/feross"
        },
        {
          "type": "consulting",
          "url": "https://feross.org/support"
        }
      ],
      "license": "BSD-3-Clause"
    },
    "node_modules/json-schema-traverse": {
      "version": "0.4.1",
      "resolved": "https://registry.npmmirror.com/json-schema-traverse/-/json-schema-traverse-0.4.1.tgz",
      "integrity": "sha512-xbbCH5dCYU5T8LcEhhuh7HJ88HXuW3qsI3Y0zOZFKfZEHcpWiHU/Jxzk629Brsab/mMiHQti9wMP+845RPe3Vg==",
      "license": "MIT"
    },
    "node_modules/jsonwebtoken": {
      "version": "9.0.3",
      "resolved": "https://registry.npmjs.org/jsonwebtoken/-/jsonwebtoken-9.0.3.tgz",
      "integrity": "sha512-MT/xP0CrubFRNLNKvxJ2BYfy53Zkm++5bX9dtuPbqAeQpTVe0MQTFhao8+Cp//EmJp244xt6Drw/GVEGCUj40g==",
      "license": "MIT",
      "dependencies": {
        "jws": "^4.0.1",
        "lodash.includes": "^4.3.0",
        "lodash.isboolean": "^3.0.3",
        "lodash.isinteger": "^4.0.4",
        "lodash.isnumber": "^3.0.3",
        "lodash.isplainobject": "^4.0.6",
        "lodash.isstring": "^4.0.1",
        "lodash.once": "^4.0.0",
        "ms": "^2.1.1",
        "semver": "^7.5.4"
      },
      "engines": {
        "node": ">=12",
        "npm": ">=6"
      }
    },
    "node_modules/jwa": {
      "version": "2.0.1",
      "resolved": "https://registry.npmjs.org/jwa/-/jwa-2.0.1.tgz",
      "integrity": "sha512-hRF04fqJIP8Abbkq5NKGN0Bbr3JxlQ+qhZufXVr0DvujKy93ZCbXZMHDL4EOtodSbCWxOqR8MS1tXA5hwqCXDg==",
      "license": "MIT",
      "dependencies": {
        "buffer-equal-constant-time": "^1.0.1",
        "ecdsa-sig-formatter": "1.0.11",
        "safe-buffer": "^5.0.1"
      }
    },
    "node_modules/jws": {
      "version": "4.0.1",
      "resolved": "https://registry.npmjs.org/jws/-/jws-4.0.1.tgz",
      "integrity": "sha512-EKI/M/yqPncGUUh44xz0PxSidXFr/+r0pA70+gIYhjv+et7yxM+s29Y+VGDkovRofQem0fs7Uvf4+YmAdyRduA==",
      "license": "MIT",
      "dependencies": {
        "jwa": "^2.0.1",
        "safe-buffer": "^5.0.1"
      }
    },
    "node_modules/lodash.includes": {
      "version": "4.3.0",
      "resolved": "https://registry.npmjs.org/lodash.includes/-/lodash.includes-4.3.0.tgz",
      "integrity": "sha512-W3Bx6mdkRTGtlJISOvVD/lbqjTlPPUDTMnlXZFnVwi9NKJ6tiAk6LVdlhZMm17VZisqhKcgzpO5Wz91PCt5b0w==",
      "license": "MIT"
    },
    "node_modules/lodash.isboolean": {
      "version": "3.0.3",
      "resolved": "https://registry.npmjs.org/lodash.isboolean/-/lodash.isboolean-3.0.3.tgz",
      "integrity": "sha512-Bz5mupy2SVbPHURB98VAcw+aHh4vRV5IPNhILUCsOzRmsTmSQ17jIuqopAentWoehktxGd9e/hbIXq980/1QJg==",
      "license": "MIT"
    },
    "node_modules/lodash.isinteger": {
      "version": "4.0.4",
      "resolved": "https://registry.npmjs.org/lodash.isinteger/-/lodash.isinteger-4.0.4.tgz",
      "integrity": "sha512-DBwtEWN2caHQ9/imiNeEA5ys1JoRtRfY3d7V9wkqtbycnAmTvRRmbHKDV4a0EYc678/dia0jrte4tjYwVBaZUA==",
      "license": "MIT"
    },
    "node_modules/lodash.isnumber": {
      "version": "3.0.3",
      "resolved": "https://registry.npmjs.org/lodash.isnumber/-/lodash.isnumber-3.0.3.tgz",
      "integrity": "sha512-QYqzpfwO3/CWf3XP+Z+tkQsfaLL/EnUlXWVkIk5FUPc4sBdTehEqZONuyRt2P67PXAk+NXmTBcc97zw9t1FQrw==",
      "license": "MIT"
    },
    "node_modules/lodash.isplainobject": {
      "version": "4.0.6",
      "resolved": "https://registry.npmjs.org/lodash.isplainobject/-/lodash.isplainobject-4.0.6.tgz",
      "integrity": "sha512-oSXzaWypCMHkPC3NvBEaPHf0KsA5mvPrOPgQWDsbg8n7orZ290M0BmC/jgRZ4vcJ6DTAhjrsSYgdsW/F+MFOBA==",
      "license": "MIT"
    },
    "node_modules/lodash.isstring": {
      "version": "4.0.1",
      "resolved": "https://registry.npmjs.org/lodash.isstring/-/lodash.isstring-4.0.1.tgz",
      "integrity": "sha512-0wJxfxH1wgO3GrbuP+dTTk7op+6L41QCXbGINEmD+ny/G/eCqGzxyCsh7159S+mgDDcoarnBw6PC1PS5+wUGgw==",
      "license": "MIT"
    },
    "node_modules/lodash.merge": {
      "version": "4.6.2",
      "resolved": "https://registry.npmmirror.com/lodash.merge/-/lodash.merge-4.6.2.tgz",
      "integrity": "sha512-0KpjqXRVvrYyCsX1swR/XTK0va6VQkQM6MNo7PqW77ByjAhoARA8EfrP1N4+KlKj8YS0ZUCtRT/YUuhyYDujIQ==",
      "license": "MIT"
    },
    "node_modules/lodash.once": {
      "version": "4.1.1",
      "resolved": "https://registry.npmjs.org/lodash.once/-/lodash.once-4.1.1.tgz",
      "integrity": "sha512-Sb487aTOCr9drQVL8pIxOzVhafOjZN9UU54hiN8PU3uAiSV7lx1yYNpbNmex2PK6dSJoNTSJUUswT651yww3Mg==",
      "license": "MIT"
    },
    "node_modules/lodash.reduce": {
      "version": "4.6.0",
      "resolved": "https://registry.npmmirror.com/lodash.reduce/-/lodash.reduce-4.6.0.tgz",
      "integrity": "sha512-6raRe2vxCYBhpBu+B+TtNGUzah+hQjVdu3E17wfusjyrXBka2nBS8OH/gjVZ5PvHOhWmIZTYri09Z6n/QfnNMw==",
      "license": "MIT"
    },
    "node_modules/macaddress": {
      "version": "0.5.4",
      "resolved": "https://registry.npmjs.org/macaddress/-/macaddress-0.5.4.tgz",
      "integrity": "sha512-i8xVWoUjj2woYU8kbpQby86Kq7uF7xl2brtKREXUBWpfgqx1fKXEeYzDiVMVxA/IufC1d3xxwJRHtFCX+9IspA==",
      "license": "MIT"
    },
    "node_modules/minecraft-data": {
      "version": "3.113.2",
      "resolved": "https://registry.npmmirror.com/minecraft-data/-/minecraft-data-3.113.2.tgz",
      "integrity": "sha512-+3/9uO/xHcaY3ZA9iW22EGdGi8SAQKeMvbXZGrsd9zHrNhsx5KDo4nblfdwTFxm2xNJEwF67cFuWGSR8VS13Qw==",
      "license": "MIT"
    },
    "node_modules/minecraft-folder-path": {
      "version": "1.2.0",
      "resolved": "https://registry.npmmirror.com/minecraft-folder-path/-/minecraft-folder-path-1.2.0.tgz",
      "integrity": "sha512-qaUSbKWoOsH9brn0JQuBhxNAzTDMwrOXorwuRxdJKKKDYvZhtml+6GVCUrY5HRiEsieBEjCUnhVpDuQiKsiFaw==",
      "license": "MIT"
    },
    "node_modules/minecraft-protocol": {
      "version": "1.67.0",
      "resolved": "https://registry.npmjs.org/minecraft-protocol/-/minecraft-protocol-1.67.0.tgz",
      "integrity": "sha512-PpAQMm/MMiNZGL+uF2A7Gke1mT8R2h08c7ifOyLRNlaNluDFrJ57UarCkMQ+CETbZ/b6puEjkw4hLk4r/XY3hQ==",
      "license": "BSD-3-Clause",
      "dependencies": {
        "@types/node-rsa": "^1.1.4",
        "@types/readable-stream": "^4.0.0",
        "aes-js": "^3.1.2",
        "buffer-equal": "^1.0.0",
        "debug": "^4.3.2",
        "endian-toggle": "^0.0.0",
        "lodash.merge": "^4.3.0",
        "minecraft-data": "^3.109.0",
        "minecraft-folder-path": "^1.2.0",
        "node-fetch": "^2.6.1",
        "node-rsa": "^0.4.2",
        "prismarine-auth": "^3.1.1",
        "prismarine-chat": "^1.10.0",
        "prismarine-nbt": "^2.5.0",
        "prismarine-realms": "^1.2.0",
        "protodef": "^1.17.0",
        "readable-stream": "^4.1.0",
        "uuid-1345": "^1.0.1",
        "yggdrasil": "^1.4.0"
      },
      "engines": {
        "node": ">=22"
      }
    },
    "node_modules/mineflayer": {
      "version": "4.25.0",
      "resolved": "https://registry.npmmirror.com/mineflayer/-/mineflayer-4.25.0.tgz",
      "integrity": "sha512-q7cmpZFaSI6sodcMJxc2GkV8IO84HbsUP+xNipGKfGg+FMISKabzdJ838Axb60qRtZrp6ny7LluQE7lesHvvxQ==",
      "license": "MIT",
      "dependencies": {
        "minecraft-data": "^3.76.0",
        "minecraft-protocol": "^1.51.0",
        "prismarine-biome": "^1.1.1",
        "prismarine-block": "^1.17.0",
        "prismarine-chat": "^1.7.1",
        "prismarine-chunk": "^1.36.0",
        "prismarine-entity": "^2.3.0",
        "prismarine-item": "^1.15.0",
        "prismarine-nbt": "^2.0.0",
        "prismarine-physics": "^1.9.0",
        "prismarine-recipe": "^1.3.0",
        "prismarine-registry": "^1.10.0",
        "prismarine-windows": "^2.9.0",
        "prismarine-world": "^3.6.0",
        "protodef": "^1.18.0",
        "typed-emitter": "^1.0.0",
        "vec3": "^0.1.7"
      },
      "engines": {
        "node": ">=18"
      }
    },
    "node_modules/mojangson": {
      "version": "2.0.4",
      "resolved": "https://registry.npmmirror.com/mojangson/-/mojangson-2.0.4.tgz",
      "integrity": "sha512-HYmhgDjr1gzF7trGgvcC/huIg2L8FsVbi/KacRe6r1AswbboGVZDS47SOZlomPuMWvZLas8m9vuHHucdZMwTmQ==",
      "license": "MIT",
      "dependencies": {
        "nearley": "^2.19.5"
      }
    },
    "node_modules/moo": {
      "version": "0.5.3",
      "resolved": "https://registry.npmmirror.com/moo/-/moo-0.5.3.tgz",
      "integrity": "sha512-m2fmM2dDm7GZQsY7KK2cme8agi+AAljILjQnof7p1ZMDe6dQ4bdnSMx0cPppudoeNv5hEFQirN6u+O4fDE0IWA==",
      "license": "BSD-3-Clause"
    },
    "node_modules/ms": {
      "version": "2.1.3",
      "resolved": "https://registry.npmmirror.com/ms/-/ms-2.1.3.tgz",
      "integrity": "sha512-6FlzubTLZG3J2a/NVCAleEhjzq5oxgHyaCU9yYXvcLsvoVaHJq/s5xXI6/XXP6tz7R9xAOtHnSO/tXtF3WRTlA==",
      "license": "MIT"
    },
    "node_modules/nearley": {
      "version": "2.20.1",
      "resolved": "https://registry.npmmirror.com/nearley/-/nearley-2.20.1.tgz",
      "integrity": "sha512-+Mc8UaAebFzgV+KpI5n7DasuuQCHA89dmwm7JXw3TV43ukfNQ9DnBH3Mdb2g/I4Fdxc26pwimBWvjIw0UAILSQ==",
      "license": "MIT",
      "dependencies": {
        "commander": "^2.19.0",
        "moo": "^0.5.0",
        "railroad-diagrams": "^1.0.0",
        "randexp": "0.4.6"
      },
      "bin": {
        "nearley-railroad": "bin/nearley-railroad.js",
        "nearley-test": "bin/nearley-test.js",
        "nearley-unparse": "bin/nearley-unparse.js",
        "nearleyc": "bin/nearleyc.js"
      },
      "funding": {
        "type": "individual",
        "url": "https://nearley.js.org/#give-to-nearley"
      }
    },
    "node_modules/node-fetch": {
      "version": "2.7.0",
      "resolved": "https://registry.npmmirror.com/node-fetch/-/node-fetch-2.7.0.tgz",
      "integrity": "sha512-c4FRfUm/dbcWZ7U+1Wq0AwCyFL+3nt2bEw05wfxSz+DWpWsitgmSgYmy2dQdWyKC1694ELPqMs/YzUSNozLt8A==",
      "license": "MIT",
      "dependencies": {
        "whatwg-url": "^5.0.0"
      },
      "engines": {
        "node": "4.x || >=6.0.0"
      },
      "peerDependencies": {
        "encoding": "^0.1.0"
      },
      "peerDependenciesMeta": {
        "encoding": {
          "optional": true
        }
      }
    },
    "node_modules/node-rsa": {
      "version": "0.4.2",
      "resolved": "https://registry.npmmirror.com/node-rsa/-/node-rsa-0.4.2.tgz",
      "integrity": "sha512-Bvso6Zi9LY4otIZefYrscsUpo2mUpiAVIEmSZV2q41sP8tHZoert3Yu6zv4f/RXJqMNZQKCtnhDugIuCma23YA==",
      "license": "MIT",
      "dependencies": {
        "asn1": "0.2.3"
      }
    },
    "node_modules/prismarine-auth": {
      "version": "3.1.1",
      "resolved": "https://registry.npmjs.org/prismarine-auth/-/prismarine-auth-3.1.1.tgz",
      "integrity": "sha512-NuNrMGZdoigFKsvi1ZZgAEvNYNuE5qe6lo/tw+bqeNbkhpjHC0u1JNxLEujnfqduXI18e19PvUtWNMDl/gH7yw==",
      "license": "MIT",
      "dependencies": {
        "@azure/msal-node": "^2.0.2",
        "@xboxreplay/xboxlive-auth": "^5.1.0",
        "debug": "^4.3.3",
        "smart-buffer": "^4.1.0",
        "uuid-1345": "^1.0.2"
      }
    },
    "node_modules/prismarine-biome": {
      "version": "1.4.0",
      "resolved": "https://registry.npmmirror.com/prismarine-biome/-/prismarine-biome-1.4.0.tgz",
      "integrity": "sha512-fD2WmjN8Zr/xA/jeMInReLgaDlznwA5xlaK529PzWuGzgjpc5ijVu1Lp1oqHyZn3WxOG/bRVtW1bU+tmgCurWA==",
      "license": "MIT",
      "peerDependencies": {
        "prismarine-registry": "^1.1.0"
      }
    },
    "node_modules/prismarine-block": {
      "version": "1.23.0",
      "resolved": "https://registry.npmmirror.com/prismarine-block/-/prismarine-block-1.23.0.tgz",
      "integrity": "sha512-j2UoU4KbXMvNlBw+aLkMOnEuMayYefznUfbrfv1VIbckG3RA9LpNWltOMHXuOR5YkHp8uIZPOclj95XC88jgGw==",
      "license": "MIT",
      "dependencies": {
        "minecraft-data": "^3.38.0",
        "prismarine-biome": "^1.1.0",
        "prismarine-chat": "^1.5.0",
        "prismarine-item": "^1.10.1",
        "prismarine-nbt": "^2.0.0",
        "prismarine-registry": "^1.1.0"
      }
    },
    "node_modules/prismarine-chat": {
      "version": "1.13.0",
      "resolved": "https://registry.npmmirror.com/prismarine-chat/-/prismarine-chat-1.13.0.tgz",
      "integrity": "sha512-tvDbrQmJEoy09yLE5nnedGhQYxnRDaPRePMv7W39dFaHr2LGcA2JfCmH0vG5193+BsEFz3a5+0EpQSK8OW7YmA==",
      "license": "MIT",
      "dependencies": {
        "debug": "^4.3.2",
        "mojangson": "^2.0.1",
        "prismarine-nbt": "^2.0.0",
        "prismarine-registry": "^1.4.0"
      }
    },
    "node_modules/prismarine-chunk": {
      "version": "1.41.0",
      "resolved": "https://registry.npmmirror.com/prismarine-chunk/-/prismarine-chunk-1.41.0.tgz",
      "integrity": "sha512-KldSl3pDzPU7jcttxSYWNJ40rJMdiUxYvTpqXzqiQ3lIdNL1HAuJHPdscHcqlKJRB9Hw/cbFcROR1h5ncavY+Q==",
      "license": "MIT",
      "dependencies": {
        "prismarine-biome": "^1.2.0",
        "prismarine-block": "^1.14.1",
        "prismarine-nbt": "^2.2.1",
        "prismarine-registry": "^1.1.0",
        "smart-buffer": "^4.1.0",
        "uint4": "^0.1.2",
        "vec3": "^0.1.3",
        "xxhash-wasm": "^0.4.2"
      },
      "engines": {
        "node": ">=14"
      }
    },
    "node_modules/prismarine-entity": {
      "version": "2.6.0",
      "resolved": "https://registry.npmmirror.com/prismarine-entity/-/prismarine-entity-2.6.0.tgz",
      "integrity": "sha512-/LlZRLOpACiXk+GqoaKi0XPBFnNMjb1d4OIzuSCSEgNMK6FUo3Wnin5yeSZ7ff3Ztt7yagN9lX2jSOafn6IIzg==",
      "license": "MIT",
      "dependencies": {
        "prismarine-chat": "^1.4.1",
        "prismarine-item": "^1.11.2",
        "prismarine-registry": "^1.4.0",
        "vec3": "^0.1.4"
      }
    },
    "node_modules/prismarine-item": {
      "version": "1.18.0",
      "resolved": "https://registry.npmmirror.com/prismarine-item/-/prismarine-item-1.18.0.tgz",
      "integrity": "sha512-8pEq6YfcneVvarvUFnex09a3+MR8/4NCQVyawIKAa3kh/g9dHLexoEcpQEgM3cmpg4gbLmspSiARGwed5uGhlg==",
      "license": "MIT",
      "dependencies": {
        "prismarine-nbt": "^2.0.0",
        "prismarine-registry": "^1.4.0"
      }
    },
    "node_modules/prismarine-nbt": {
      "version": "2.8.0",
      "resolved": "https://registry.npmmirror.com/prismarine-nbt/-/prismarine-nbt-2.8.0.tgz",
      "integrity": "sha512-5D6FUZq0PNtf3v/41ImDlwThVesOv5adyqCRMZLzmkUGEmRJNNh5C6AsnvrClBftXs+IF0yqPnZoj8kcNPiMGg==",
      "license": "MIT",
      "dependencies": {
        "protodef": "^1.18.0"
      }
    },
    "node_modules/prismarine-physics": {
      "version": "1.11.1",
      "resolved": "https://registry.npmmirror.com/prismarine-physics/-/prismarine-physics-1.11.1.tgz",
      "integrity": "sha512-GO9Pqqg5Khs0YxvPqRXYi3Ep3/OoxnL3RtfMknrgddY0ogpT91bTna6HDTQXVeBinfCB3WU9vXaFoTND/3xqyA==",
      "license": "MIT",
      "dependencies": {
        "minecraft-data": "^3.0.0",
        "prismarine-nbt": "^2.0.0",
        "vec3": "^0.2.0"
      }
    },
    "node_modules/prismarine-physics/node_modules/vec3": {
      "version": "0.2.0",
      "resolved": "https://registry.npmmirror.com/vec3/-/vec3-0.2.0.tgz",
      "integrity": "sha512-jOjU4zbCNWOKOGLHop1I0J2Ar4h5Zz76455LJhJKhiOJwI21QP6d5TnKklNZDKG+c5h71zWtPAbd9wh+Va57OQ==",
      "license": "BSD"
    },
    "node_modules/prismarine-realms": {
      "version": "1.6.0",
      "resolved": "https://registry.npmmirror.com/prismarine-realms/-/prismarine-realms-1.6.0.tgz",
      "integrity": "sha512-AwemW0vwxG9hQaFtg1twSV7eymB6QtYxGK0jjpxfdA2sdK15kU8jh8uD1o5XF0oxSMU+BbpzZMCmXtXq4QE6bw==",
      "license": "MIT",
      "dependencies": {
        "debug": "^4.3.3",
        "node-fetch": "^2.6.1"
      }
    },
    "node_modules/prismarine-recipe": {
      "version": "1.5.0",
      "resolved": "https://registry.npmmirror.com/prismarine-recipe/-/prismarine-recipe-1.5.0.tgz",
      "integrity": "sha512-GRZHbsyBIUgVNF10vFRv2YWZj86vokCT5EWX6iK6gfx6h4FapgZT29V2DNkjv5+hmdzBCLZvfx1/RYr8VPeoGQ==",
      "license": "MIT",
      "peerDependencies": {
        "prismarine-registry": "^1.4.0"
      }
    },
    "node_modules/prismarine-registry": {
      "version": "1.12.0",
      "resolved": "https://registry.npmmirror.com/prismarine-registry/-/prismarine-registry-1.12.0.tgz",
      "integrity": "sha512-OC5U6YrflY6OcAWRZEqe2HGZuNp0bIuP7H+oKEHD6rLfKNDxo8Ymx5eh2VvrZWnMVugpwID1Qj/UjA4MoCzNDw==",
      "license": "MIT",
      "dependencies": {
        "minecraft-data": "^3.70.0",
        "prismarine-block": "^1.17.1",
        "prismarine-nbt": "^2.0.0"
      }
    },
    "node_modules/prismarine-windows": {
      "version": "2.10.0",
      "resolved": "https://registry.npmmirror.com/prismarine-windows/-/prismarine-windows-2.10.0.tgz",
      "integrity": "sha512-ssXLGAr7W9JLvvLjYMoo1j4j6AdJaoIb0/HlqkWMWlQqvZJeiS4zyBjJY6+GtR4OzpjkEf6IvF5cNXhHFpbcZQ==",
      "license": "MIT",
      "dependencies": {
        "prismarine-item": "^1.12.2",
        "prismarine-registry": "^1.7.0",
        "typed-emitter": "^2.1.0"
      }
    },
    "node_modules/prismarine-windows/node_modules/typed-emitter": {
      "version": "2.1.0",
      "resolved": "https://registry.npmmirror.com/typed-emitter/-/typed-emitter-2.1.0.tgz",
      "integrity": "sha512-g/KzbYKbH5C2vPkaXGu8DJlHrGKHLsM25Zg9WuC9pMGfuvT+X25tZQWo5fK1BjBm8+UrVE9LDCvaY0CQk+fXDA==",
      "license": "MIT",
      "optionalDependencies": {
        "rxjs": "*"
      }
    },
    "node_modules/prismarine-world": {
      "version": "3.7.0",
      "resolved": "https://registry.npmmirror.com/prismarine-world/-/prismarine-world-3.7.0.tgz",
      "integrity": "sha512-M5euvNjQ3vIk689BSa0YC6PBwpVY35Oc6q6KyZ0IqyFtI+cQ9em+8l5OTAK/uu9/gzDDhR7cmm9L2WXgTXBQCw==",
      "license": "MIT",
      "dependencies": {
        "vec3": "^0.1.7"
      },
      "engines": {
        "node": ">=8.0.0"
      }
    },
    "node_modules/process": {
      "version": "0.11.10",
      "resolved": "https://registry.npmmirror.com/process/-/process-0.11.10.tgz",
      "integrity": "sha512-cdGef/drWFoydD1JsMzuFf8100nZl+GT+yacc2bEced5f9Rjk4z+WtFUTBu9PhOi9j/jfmBPu0mMEY4wIdAF8A==",
      "license": "MIT",
      "engines": {
        "node": ">= 0.6.0"
      }
    },
    "node_modules/protodef": {
      "version": "1.19.0",
      "resolved": "https://registry.npmmirror.com/protodef/-/protodef-1.19.0.tgz",
      "integrity": "sha512-94f3GR7pk4Qi5YVLaLvWBfTGUIzzO8hyo7vFVICQuu5f5nwKtgGDaeC1uXIu49s5to/49QQhEYeL0aigu1jEGA==",
      "license": "MIT",
      "dependencies": {
        "lodash.reduce": "^4.6.0",
        "protodef-validator": "^1.3.0",
        "readable-stream": "^4.4.0"
      },
      "engines": {
        "node": ">=14"
      }
    },
    "node_modules/protodef-validator": {
      "version": "1.4.0",
      "resolved": "https://registry.npmmirror.com/protodef-validator/-/protodef-validator-1.4.0.tgz",
      "integrity": "sha512-2y2coBolqCEuk5Kc3QwO7ThR+/7TZiOit4FrpAgl+vFMvq8w76nDhh09z08e2NQOdrgPLsN2yzXsvRvtADgUZQ==",
      "license": "MIT",
      "dependencies": {
        "ajv": "^6.5.4"
      },
      "bin": {
        "protodef-validator": "cli.js"
      }
    },
    "node_modules/punycode": {
      "version": "2.3.1",
      "resolved": "https://registry.npmmirror.com/punycode/-/punycode-2.3.1.tgz",
      "integrity": "sha512-vYt7UD1U9Wg6138shLtLOvdAu+8DsC/ilFtEVHcH+wydcSpNE20AfSOduf6MkRFahL5FY7X1oU7nKVZFtfq8Fg==",
      "license": "MIT",
      "engines": {
        "node": ">=6"
      }
    },
    "node_modules/railroad-diagrams": {
      "version": "1.0.0",
      "resolved": "https://registry.npmmirror.com/railroad-diagrams/-/railroad-diagrams-1.0.0.tgz",
      "integrity": "sha512-cz93DjNeLY0idrCNOH6PviZGRN9GJhsdm9hpn1YCS879fj4W+x5IFJhhkRZcwVgMmFF7R82UA/7Oh+R8lLZg6A==",
      "license": "CC0-1.0"
    },
    "node_modules/randexp": {
      "version": "0.4.6",
      "resolved": "https://registry.npmmirror.com/randexp/-/randexp-0.4.6.tgz",
      "integrity": "sha512-80WNmd9DA0tmZrw9qQa62GPPWfuXJknrmVmLcxvq4uZBdYqb1wYoKTmnlGUchvVWe0XiLupYkBoXVOxz3C8DYQ==",
      "license": "MIT",
      "dependencies": {
        "discontinuous-range": "1.0.0",
        "ret": "~0.1.10"
      },
      "engines": {
        "node": ">=0.12"
      }
    },
    "node_modules/readable-stream": {
      "version": "4.7.0",
      "resolved": "https://registry.npmmirror.com/readable-stream/-/readable-stream-4.7.0.tgz",
      "integrity": "sha512-oIGGmcpTLwPga8Bn6/Z75SVaH1z5dUut2ibSyAMVhmUggWpmDn2dapB0n7f8nwaSiRtepAsfJyfXIO5DCVAODg==",
      "license": "MIT",
      "dependencies": {
        "abort-controller": "^3.0.0",
        "buffer": "^6.0.3",
        "events": "^3.3.0",
        "process": "^0.11.10",
        "string_decoder": "^1.3.0"
      },
      "engines": {
        "node": "^12.22.0 || ^14.17.0 || >=16.0.0"
      }
    },
    "node_modules/ret": {
      "version": "0.1.15",
      "resolved": "https://registry.npmmirror.com/ret/-/ret-0.1.15.tgz",
      "integrity": "sha512-TTlYpa+OL+vMMNG24xSlQGEJ3B/RzEfUlLct7b5G/ytav+wPrplCpVMFuwzXbkecJrb6IYo1iFb0S9v37754mg==",
      "license": "MIT",
      "engines": {
        "node": ">=0.12"
      }
    },
    "node_modules/rxjs": {
      "version": "7.8.2",
      "resolved": "https://registry.npmmirror.com/rxjs/-/rxjs-7.8.2.tgz",
      "integrity": "sha512-dhKf903U/PQZY6boNNtAGdWbG85WAbjT/1xYoZIC7FAY0yWapOBQVsVrDl58W86//e1VpMNBtRV4MaXfdMySFA==",
      "license": "Apache-2.0",
      "optional": true,
      "dependencies": {
        "tslib": "^2.1.0"
      }
    },
    "node_modules/safe-buffer": {
      "version": "5.2.1",
      "resolved": "https://registry.npmmirror.com/safe-buffer/-/safe-buffer-5.2.1.tgz",
      "integrity": "sha512-rp3So07KcdmmKbGvgaNxQSJr7bGVSVk5S9Eq1F+ppbRo70+YeaDxkw5Dd8NPN+GD6bjnYm2VuPuCXmpuYvmCXQ==",
      "funding": [
        {
          "type": "github",
          "url": "https://github.com/sponsors/feross"
        },
        {
          "type": "patreon",
          "url": "https://www.patreon.com/feross"
        },
        {
          "type": "consulting",
          "url": "https://feross.org/support"
        }
      ],
      "license": "MIT"
    },
    "node_modules/semver": {
      "version": "7.8.5",
      "resolved": "https://registry.npmjs.org/semver/-/semver-7.8.5.tgz",
      "integrity": "sha512-Y7/KDsb8LjooZpwaqGyulO6DQlksgCncchHGk+sZIY4SBvUocMBEFH5Ur1fI4dV+Jvl0w6cjvucaIi40puRioA==",
      "license": "ISC",
      "bin": {
        "semver": "bin/semver.js"
      },
      "engines": {
        "node": ">=10"
      }
    },
    "node_modules/smart-buffer": {
      "version": "4.2.0",
      "resolved": "https://registry.npmmirror.com/smart-buffer/-/smart-buffer-4.2.0.tgz",
      "integrity": "sha512-94hK0Hh8rPqQl2xXc3HsaBoOXKV20MToPkcXvwbISWLEs+64sBq5kFgn2kJDHb1Pry9yrP0dxrCI9RRci7RXKg==",
      "license": "MIT",
      "engines": {
        "node": ">= 6.0.0",
        "npm": ">= 3.0.0"
      }
    },
    "node_modules/string_decoder": {
      "version": "1.3.0",
      "resolved": "https://registry.npmmirror.com/string_decoder/-/string_decoder-1.3.0.tgz",
      "integrity": "sha512-hkRX8U1WjJFd8LsDJ2yQ/wWWxaopEsABU1XfkM8A+j0+85JAGppt16cr1Whg6KIbb4okU6Mql6BOj+uup/wKeA==",
      "license": "MIT",
      "dependencies": {
        "safe-buffer": "~5.2.0"
      }
    },
    "node_modules/tr46": {
      "version": "0.0.3",
      "resolved": "https://registry.npmmirror.com/tr46/-/tr46-0.0.3.tgz",
      "integrity": "sha512-N3WMsuqV66lT30CrXNbEjx4GEwlow3v6rr4mCcv6prnfwhS01rkgyFdjPNBYd9br7LpXV1+Emh01fHnq2Gdgrw==",
      "license": "MIT"
    },
    "node_modules/tslib": {
      "version": "2.8.1",
      "resolved": "https://registry.npmmirror.com/tslib/-/tslib-2.8.1.tgz",
      "integrity": "sha512-oJFu94HQb+KVduSUQL7wnpmqnfmLsOA/nAh6b6EH0wCEoK0/mPeXU6c3wKDV83MkOuHPRHtSXKKU99IBazS/2w==",
      "license": "0BSD",
      "optional": true
    },
    "node_modules/typed-emitter": {
      "version": "1.4.0",
      "resolved": "https://registry.npmmirror.com/typed-emitter/-/typed-emitter-1.4.0.tgz",
      "integrity": "sha512-weBmoo3HhpKGgLBOYwe8EB31CzDFuaK7CCL+axXhUYhn4jo6DSkHnbefboCF5i4DQ2aMFe0C/FdTWcPdObgHyg==",
      "license": "MIT"
    },
    "node_modules/uint4": {
      "version": "0.1.2",
      "resolved": "https://registry.npmmirror.com/uint4/-/uint4-0.1.2.tgz",
      "integrity": "sha512-lhEx78gdTwFWG+mt6cWAZD/R6qrIj0TTBeH5xwyuDJyswLNlGe+KVlUPQ6+mx5Ld332pS0AMUTo9hIly7YsWxQ==",
      "license": "MIT"
    },
    "node_modules/undici-types": {
      "version": "8.3.0",
      "resolved": "https://registry.npmmirror.com/undici-types/-/undici-types-8.3.0.tgz",
      "integrity": "sha512-j375ScV60dom+YkPFIfTLcOiPxkN/buHz5GobjLhixFuANaNs3C9l4GmrWqejgXWJ7BbJcFYpTEUkS1Ge8bpZQ==",
      "license": "MIT"
    },
    "node_modules/uri-js": {
      "version": "4.4.1",
      "resolved": "https://registry.npmmirror.com/uri-js/-/uri-js-4.4.1.tgz",
      "integrity": "sha512-7rKUyy33Q1yc98pQ1DAmLtwX109F7TIfWlW1Ydo8Wl1ii1SeHieeh0HHfPeL2fMXK6z0s8ecKs9frCuLJvndBg==",
      "license": "BSD-2-Clause",
      "dependencies": {
        "punycode": "^2.1.0"
      }
    },
    "node_modules/uuid": {
      "version": "8.3.2",
      "resolved": "https://registry.npmjs.org/uuid/-/uuid-8.3.2.tgz",
      "integrity": "sha512-+NYs2QeMWy+GWFOEm9xnn6HCDp0l7QBD7ml8zLUmJ+93Q5NF0NocErnwkTkXVFNiX3/fpC6afS8Dhb/gz7R7eg==",
      "deprecated": "uuid@10 and below is no longer supported.  For ESM codebases, update to uuid@latest.  For CommonJS codebases, use uuid@11 (but be aware this version will likely be deprecated in 2028).",
      "license": "MIT",
      "bin": {
        "uuid": "dist/bin/uuid"
      }
    },
    "node_modules/uuid-1345": {
      "version": "1.0.2",
      "resolved": "https://registry.npmjs.org/uuid-1345/-/uuid-1345-1.0.2.tgz",
      "integrity": "sha512-bA5zYZui+3nwAc0s3VdGQGBfbVsJLVX7Np7ch2aqcEWFi5lsAEcmO3+lx3djM1npgpZI8KY2FITZ2uYTnYUYyw==",
      "license": "MIT",
      "dependencies": {
        "macaddress": "^0.5.1"
      }
    },
    "node_modules/vec3": {
      "version": "0.1.10",
      "resolved": "https://registry.npmmirror.com/vec3/-/vec3-0.1.10.tgz",
      "integrity": "sha512-Sr1U3mYtMqCOonGd3LAN9iqy0qF6C+Gjil92awyK/i2OwiUo9bm7PnLgFpafymun50mOjnDcg4ToTgRssrlTcw==",
      "license": "BSD"
    },
    "node_modules/webidl-conversions": {
      "version": "3.0.1",
      "resolved": "https://registry.npmmirror.com/webidl-conversions/-/webidl-conversions-3.0.1.tgz",
      "integrity": "sha512-2JAn3z8AR6rjK8Sm8orRC0h/bcl/DqL7tRPdGZ4I1CjdF+EaMLmYxBHyXuKL849eucPFhvBoxMsflfOb8kxaeQ==",
      "license": "BSD-2-Clause"
    },
    "node_modules/whatwg-url": {
      "version": "5.0.0",
      "resolved": "https://registry.npmmirror.com/whatwg-url/-/whatwg-url-5.0.0.tgz",
      "integrity": "sha512-saE57nupxk6v3HY35+jzBwYa0rKSy0XR8JSxZPwgLr7ys0IBzhGviA1/TUGJLmSVqs8pb9AnvICXEuOHLprYTw==",
      "license": "MIT",
      "dependencies": {
        "tr46": "~0.0.3",
        "webidl-conversions": "^3.0.0"
      }
    },
    "node_modules/xxhash-wasm": {
      "version": "0.4.2",
      "resolved": "https://registry.npmmirror.com/xxhash-wasm/-/xxhash-wasm-0.4.2.tgz",
      "integrity": "sha512-/eyHVRJQCirEkSZ1agRSCwriMhwlyUcFkXD5TPVSLP+IPzjsqMVzZwdoczLp1SoQU0R3dxz1RpIK+4YNQbCVOA==",
      "license": "MIT"
    },
    "node_modules/yggdrasil": {
      "version": "1.8.0",
      "resolved": "https://registry.npmmirror.com/yggdrasil/-/yggdrasil-1.8.0.tgz",
      "integrity": "sha512-r5bKOhkZ52DJ6q034uSkdsdZLoFVhOmfDOagRs6h/JX5W7+XIPOMb+peCbElhLEoIckwt43NCUoNQbydOzuPcQ==",
      "license": "MIT",
      "dependencies": {
        "node-fetch": "^2.6.1",
        "uuid": "^10.0.0"
      }
    },
    "node_modules/yggdrasil/node_modules/uuid": {
      "version": "10.0.0",
      "resolved": "https://registry.npmmirror.com/uuid/-/uuid-10.0.0.tgz",
      "integrity": "sha512-8XkAphELsDnEGrDxUOHB3RGvXz6TeuYSGEZBOjtTtPm2lwhGBjLgOzLHB63IUWfBpNucQjND6d3AOudO+H3RWQ==",
      "funding": [
        "https://github.com/sponsors/broofa",
        "https://github.com/sponsors/ctavan"
      ],
      "license": "MIT",
      "bin": {
        "uuid": "dist/bin/uuid"
      }
    }
  }
}
